# This file was autogenerated by Stack.
# You should not edit this file by hand.
# For more information, please see the documentation at:
#   https://docs.haskellstack.org/en/stable/lock_files

packages:
- completed:
    git: https://git.eisfunke.com/software/mock
    name: mock
    pantry-tree:
      sha256: 988a5c0c4b39bb6bf7bc0c7999aef84166551b9d3c78f9745d10a7dc6c95fb0d
      size: 727
    commit: 68aa57567ada3bdfaa91186e454953d5ba6d831f
    version: 3.7.1
  original:
    git: https://git.eisfunke.com/software/mock
    commit: 68aa57567ada3bdfaa91186e454953d5ba6d831f
- completed:
    hackage: telegram-bot-simple-0.3.7@sha256:f7a7edb82b697d332523d0affce14bcf907d9b00c91c40d327eea8104259a6a7,3807
    pantry-tree:
      sha256: 81610833ceae3e940459d61b77acbe9fb9042d5c5b3e15dbecd731d3ccef3496
      size: 2025
  original:
    hackage: telegram-bot-simple-0.3.7@sha256:f7a7edb82b697d332523d0affce14bcf907d9b00c91c40d327eea8104259a6a7,3807
- completed:
    hackage: servant-multipart-client-0.12.1@sha256:d043063e2f33eab86840f87c4bdb16eb3fe4a5847a0b118e4f4265cf3ba4c9b3,1892
    pantry-tree:
      sha256: cb02eea7894a94e5dedf5cb74fd5fc6b989711ebb46a0e14d77f74f3b89dcbe0
      size: 400
  original:
    hackage: servant-multipart-client-0.12.1@sha256:d043063e2f33eab86840f87c4bdb16eb3fe4a5847a0b118e4f4265cf3ba4c9b3,1892
snapshots:
- completed:
    sha256: 63539429076b7ebbab6daa7656cfb079393bf644971156dc349d7c0453694ac2
    size: 586296
    url: https://raw.githubusercontent.com/commercialhaskell/stackage-snapshots/master/lts/18/18.yaml
  original: lts-18.18
